
Microsoft Visual Studio Solution File, Format Version 12.00
# Visual Studio Version 16
VisualStudioVersion = 16.0.31911.196
MinimumVisualStudioVersion = 10.0.40219.1
Project("{9A19103F-16F7-4668-BE54-9A1E7A4F7556}") = "AccountApi", "AccountApi\AccountApi.csproj", "{70AF0DFC-C502-4823-A2B5-3B2DBA6BFCB3}"
EndProject
Project("{FAE04EC0-301F-11D3-BF4B-00C04F79EFBC}") = "AccountBusiness", "AccountBusiness\AccountBusiness.csproj", "{3D403FD3-E662-4167-9568-93755DA2EAD9}"
EndProject
Project("{FAE04EC0-301F-11D3-BF4B-00C04F79EFBC}") = "AccountData", "AccountData\AccountData.csproj", "{8E901110-2A5A-4421-812F-8D064DB1B0E1}"
EndProject
Project("{FAE04EC0-301F-11D3-BF4B-00C04F79EFBC}") = "AccountModel", "AccountModel\AccountModel.csproj", "{7229BC51-465E-43A5-B876-5EF4B7113CAA}"
EndProject
Global
	GlobalSection(SolutionConfigurationPlatforms) = preSolution
		Debug|Any CPU = Debug|Any CPU
		Release|Any CPU = Release|Any CPU
	EndGlobalSection
	GlobalSection(ProjectConfigurationPlatforms) = postSolution
		{70AF0DFC-C502-4823-A2B5-3B2DBA6BFCB3}.Debug|Any CPU.ActiveCfg = Debug|Any CPU
		{70AF0DFC-C502-4823-A2B5-3B2DBA6BFCB3}.Debug|Any CPU.Build.0 = Debug|Any CPU
		{70AF0DFC-C502-4823-A2B5-3B2DBA6BFCB3}.Release|Any CPU.ActiveCfg = Release|Any CPU
		{70AF0DFC-C502-4823-A2B5-3B2DBA6BFCB3}.Release|Any CPU.Build.0 = Release|Any CPU
		{3D403FD3-E662-4167-9568-93755DA2EAD9}.Debug|Any CPU.ActiveCfg = Debug|Any CPU
		{3D403FD3-E662-4167-9568-93755DA2EAD9}.Debug|Any CPU.Build.0 = Debug|Any CPU
		{3D403FD3-E662-4167-9568-93755DA2EAD9}.Release|Any CPU.ActiveCfg = Release|Any CPU
		{3D403FD3-E662-4167-9568-93755DA2EAD9}.Release|Any CPU.Build.0 = Release|Any CPU
		{8E901110-2A5A-4421-812F-8D064DB1B0E1}.Debug|Any CPU.ActiveCfg = Debug|Any CPU
		{8E901110-2A5A-4421-812F-8D064DB1B0E1}.Debug|Any CPU.Build.0 = Debug|Any CPU
		{8E901110-2A5A-4421-812F-8D064DB1B0E1}.Release|Any CPU.ActiveCfg = Release|Any CPU
		{8E901110-2A5A-4421-812F-8D064DB1B0E1}.Release|Any CPU.Build.0 = Release|Any CPU
		{7229BC51-465E-43A5-B876-5EF4B7113CAA}.Debug|Any CPU.ActiveCfg = Debug|Any CPU
		{7229BC51-465E-43A5-B876-5EF4B7113CAA}.Debug|Any CPU.Build.0 = Debug|Any CPU
		{7229BC51-465E-43A5-B876-5EF4B7113CAA}.Release|Any CPU.ActiveCfg = Release|Any CPU
		{7229BC51-465E-43A5-B876-5EF4B7113CAA}.Release|Any CPU.Build.0 = Release|Any CPU
	EndGlobalSection
	GlobalSection(SolutionProperties) = preSolution
		HideSolutionNode = FALSE
	EndGlobalSection
	GlobalSection(ExtensibilityGlobals) = postSolution
		SolutionGuid = {C0A5AC1B-31CB-4C23-805C-852007EA1437}
	EndGlobalSection
EndGlobal
